// !$*UTF8*$!
{
	archiveVersion = 1;
	classes = {
	};
	objectVersion = 55;
	objects = {

/* Begin PBXBuildFile section */
		0B9E932E53398BDDB340FDEC /* Pods_PhotoPicker.framework in Frameworks */ = {isa = PBXBuildFile; fileRef = AB6D2D9411D6038AFC85AE7C /* Pods_PhotoPicker.framework */; };
		86154A9F282001CE00CC2A76 /* AppDelegate.swift in Sources */ = {isa = PBXBuildFile; fileRef = 86154A9E282001CE00CC2A76 /* AppDelegate.swift */; };
		86154AA1282001CE00CC2A76 /* SceneDelegate.swift in Sources */ = {isa = PBXBuildFile; fileRef = 86154AA0282001CE00CC2A76 /* SceneDelegate.swift */; };
		86154AA3282001CE00CC2A76 /* FirstViewController.swift in Sources */ = {isa = PBXBuildFile; fileRef = 86154AA2282001CE00CC2A76 /* FirstViewController.swift */; };
		86154AA9282001CE00CC2A76 /* PhotoPicker.xcdatamodeld in Sources */ = {isa = PBXBuildFile; fileRef = 86154AA7282001CE00CC2A76 /* PhotoPicker.xcdatamodeld */; };
		86154AAB282001D100CC2A76 /* Assets.xcassets in Resources */ = {isa = PBXBuildFile; fileRef = 86154AAA282001D100CC2A76 /* Assets.xcassets */; };
		86154AAE282001D100CC2A76 /* LaunchScreen.storyboard in Resources */ = {isa = PBXBuildFile; fileRef = 86154AAC282001D100CC2A76 /* LaunchScreen.storyboard */; };
		86154AB62820022300CC2A76 /* MainTabBarViewController.swift in Sources */ = {isa = PBXBuildFile; fileRef = 86154AB52820022300CC2A76 /* MainTabBarViewController.swift */; };
		86154AB8282002B200CC2A76 /* SecondViewController.swift in Sources */ = {isa = PBXBuildFile; fileRef = 86154AB7282002B200CC2A76 /* SecondViewController.swift */; };
		86154ABC2820049300CC2A76 /* PhotoCell.swift in Sources */ = {isa = PBXBuildFile; fileRef = 86154ABB2820049300CC2A76 /* PhotoCell.swift */; };
		86154AC22820072600CC2A76 /* APICaller.swift in Sources */ = {isa = PBXBuildFile; fileRef = 86154AC12820072600CC2A76 /* APICaller.swift */; };
		86154AC8282009CF00CC2A76 /* Model.swift in Sources */ = {isa = PBXBuildFile; fileRef = 86154AC7282009CF00CC2A76 /* Model.swift */; };
		8654E3402822C19700AC996E /* LikesViewController.swift in Sources */ = {isa = PBXBuildFile; fileRef = 8654E33F2822C19700AC996E /* LikesViewController.swift */; };
		8654E3422822C35D00AC996E /* LikesTableViewCell.swift in Sources */ = {isa = PBXBuildFile; fileRef = 8654E3412822C35D00AC996E /* LikesTableViewCell.swift */; };
		867E90092822EBB80017385A /* DataPersistenceManager.swift in Sources */ = {isa = PBXBuildFile; fileRef = 867E90082822EBB80017385A /* DataPersistenceManager.swift */; };
/* End PBXBuildFile section */

/* Begin PBXFileReference section */
		032AE904B2D9DA8C18FBA16E /* Pods-PhotoPicker.release.xcconfig */ = {isa = PBXFileReference; includeInIndex = 1; lastKnownFileType = text.xcconfig; name = "Pods-PhotoPicker.release.xcconfig"; path = "Target Support Files/Pods-PhotoPicker/Pods-PhotoPicker.release.xcconfig"; sourceTree = "<group>"; };
		48A61E9A83AB0F071BEAC971 /* Pods-PhotoPicker.debug.xcconfig */ = {isa = PBXFileReference; includeInIndex = 1; lastKnownFileType = text.xcconfig; name = "Pods-PhotoPicker.debug.xcconfig"; path = "Target Support Files/Pods-PhotoPicker/Pods-PhotoPicker.debug.xcconfig"; sourceTree = "<group>"; };
		86154A9B282001CE00CC2A76 /* PhotoPicker.app */ = {isa = PBXFileReference; explicitFileType = wrapper.application; includeInIndex = 0; path = PhotoPicker.app; sourceTree = BUILT_PRODUCTS_DIR; };
		86154A9E282001CE00CC2A76 /* AppDelegate.swift */ = {isa = PBXFileReference; lastKnownFileType = sourcecode.swift; path = AppDelegate.swift; sourceTree = "<group>"; };
		86154AA0282001CE00CC2A76 /* SceneDelegate.swift */ = {isa = PBXFileReference; lastKnownFileType = sourcecode.swift; path = SceneDelegate.swift; sourceTree = "<group>"; };
		86154AA2282001CE00CC2A76 /* FirstViewController.swift */ = {isa = PBXFileReference; lastKnownFileType = sourcecode.swift; path = FirstViewController.swift; sourceTree = "<group>"; };
		86154AA8282001CE00CC2A76 /* PhotoPicker.xcdatamodel */ = {isa = PBXFileReference; lastKnownFileType = wrapper.xcdatamodel; path = PhotoPicker.xcdatamodel; sourceTree = "<group>"; };
		86154AAA282001D100CC2A76 /* Assets.xcassets */ = {isa = PBXFileReference; lastKnownFileType = folder.assetcatalog; path = Assets.xcassets; sourceTree = "<group>"; };
		86154AAD282001D100CC2A76 /* Base */ = {isa = PBXFileReference; lastKnownFileType = file.storyboard; name = Base; path = Base.lproj/LaunchScreen.storyboard; sourceTree = "<group>"; };
		86154AAF282001D100CC2A76 /* Info.plist */ = {isa = PBXFileReference; lastKnownFileType = text.plist.xml; path = Info.plist; sourceTree = "<group>"; };
		86154AB52820022300CC2A76 /* MainTabBarViewController.swift */ = {isa = PBXFileReference; lastKnownFileType = sourcecode.swift; path = MainTabBarViewController.swift; sourceTree = "<group>"; };
		86154AB7282002B200CC2A76 /* SecondViewController.swift */ = {isa = PBXFileReference; lastKnownFileType = sourcecode.swift; path = SecondViewController.swift; sourceTree = "<group>"; };
		86154ABB2820049300CC2A76 /* PhotoCell.swift */ = {isa = PBXFileReference; lastKnownFileType = sourcecode.swift; path = PhotoCell.swift; sourceTree = "<group>"; };
		86154AC12820072600CC2A76 /* APICaller.swift */ = {isa = PBXFileReference; lastKnownFileType = sourcecode.swift; path = APICaller.swift; sourceTree = "<group>"; };
		86154AC7282009CF00CC2A76 /* Model.swift */ = {isa = PBXFileReference; lastKnownFileType = sourcecode.swift; path = Model.swift; sourceTree = "<group>"; };
		8654E33F2822C19700AC996E /* LikesViewController.swift */ = {isa = PBXFileReference; lastKnownFileType = sourcecode.swift; path = LikesViewController.swift; sourceTree = "<group>"; };
		8654E3412822C35D00AC996E /* LikesTableViewCell.swift */ = {isa = PBXFileReference; lastKnownFileType = sourcecode.swift; path = LikesTableViewCell.swift; sourceTree = "<group>"; };
		867E90082822EBB80017385A /* DataPersistenceManager.swift */ = {isa = PBXFileReference; lastKnownFileType = sourcecode.swift; path = DataPersistenceManager.swift; sourceTree = "<group>"; };
		AB6D2D9411D6038AFC85AE7C /* Pods_PhotoPicker.framework */ = {isa = PBXFileReference; explicitFileType = wrapper.framework; includeInIndex = 0; path = Pods_PhotoPicker.framework; sourceTree = BUILT_PRODUCTS_DIR; };
/* End PBXFileReference section */

/* Begin PBXFrameworksBuildPhase section */
		86154A98282001CE00CC2A76 /* Frameworks */ = {
			isa = PBXFrameworksBuildPhase;
			buildActionMask = 2147483647;
			files = (
				0B9E932E53398BDDB340FDEC /* Pods_PhotoPicker.framework in Frameworks */,
			);
			runOnlyForDeploymentPostprocessing = 0;
		};
/* End PBXFrameworksBuildPhase section */

/* Begin PBXGroup section */
		3A09D1A3B69873DF423C6260 /* Frameworks */ = {
			isa = PBXGroup;
			children = (
				AB6D2D9411D6038AFC85AE7C /* Pods_PhotoPicker.framework */,
			);
			name = Frameworks;
			sourceTree = "<group>";
		};
		7AB5F2F46DE3E729510DF3F0 /* Pods */ = {
			isa = PBXGroup;
			children = (
				48A61E9A83AB0F071BEAC971 /* Pods-PhotoPicker.debug.xcconfig */,
				032AE904B2D9DA8C18FBA16E /* Pods-PhotoPicker.release.xcconfig */,
			);
			path = Pods;
			sourceTree = "<group>";
		};
		86154A92282001CE00CC2A76 = {
			isa = PBXGroup;
			children = (
				86154A9D282001CE00CC2A76 /* PhotoPicker */,
				86154A9C282001CE00CC2A76 /* Products */,
				7AB5F2F46DE3E729510DF3F0 /* Pods */,
				3A09D1A3B69873DF423C6260 /* Frameworks */,
			);
			sourceTree = "<group>";
		};
		86154A9C282001CE00CC2A76 /* Products */ = {
			isa = PBXGroup;
			children = (
				86154A9B282001CE00CC2A76 /* PhotoPicker.app */,
			);
			name = Products;
			sourceTree = "<group>";
		};
		86154A9D282001CE00CC2A76 /* PhotoPicker */ = {
			isa = PBXGroup;
			children = (
				86154ABD282006BA00CC2A76 /* Controllers */,
				86154AC32820072F00CC2A76 /* Managers */,
				86154AC0282006DD00CC2A76 /* Views */,
				86154ABE282006CA00CC2A76 /* Support */,
				86154AAF282001D100CC2A76 /* Info.plist */,
				86154AA7282001CE00CC2A76 /* PhotoPicker.xcdatamodeld */,
			);
			path = PhotoPicker;
			sourceTree = "<group>";
		};
		86154ABD282006BA00CC2A76 /* Controllers */ = {
			isa = PBXGroup;
			children = (
				86154AA2282001CE00CC2A76 /* FirstViewController.swift */,
				86154AB7282002B200CC2A76 /* SecondViewController.swift */,
				8654E33F2822C19700AC996E /* LikesViewController.swift */,
				86154AB52820022300CC2A76 /* MainTabBarViewController.swift */,
			);
			path = Controllers;
			sourceTree = "<group>";
		};
		86154ABE282006CA00CC2A76 /* Support */ = {
			isa = PBXGroup;
			children = (
				86154A9E282001CE00CC2A76 /* AppDelegate.swift */,
				86154AA0282001CE00CC2A76 /* SceneDelegate.swift */,
				86154AAA282001D100CC2A76 /* Assets.xcassets */,
				86154AAC282001D100CC2A76 /* LaunchScreen.storyboard */,
			);
			path = Support;
			sourceTree = "<group>";
		};
		86154AC0282006DD00CC2A76 /* Views */ = {
			isa = PBXGroup;
			children = (
				86154ABB2820049300CC2A76 /* PhotoCell.swift */,
				8654E3412822C35D00AC996E /* LikesTableViewCell.swift */,
			);
			path = Views;
			sourceTree = "<group>";
		};
		86154AC32820072F00CC2A76 /* Managers */ = {
			isa = PBXGroup;
			children = (
				867E90082822EBB80017385A /* DataPersistenceManager.swift */,
				86154AC12820072600CC2A76 /* APICaller.swift */,
				86154AC7282009CF00CC2A76 /* Model.swift */,
			);
			path = Managers;
			sourceTree = "<group>";
		};
/* End PBXGroup section */

/* Begin PBXNativeTarget section */
		86154A9A282001CE00CC2A76 /* PhotoPicker */ = {
			isa = PBXNativeTarget;
			buildConfigurationList = 86154AB2282001D100CC2A76 /* Build configuration list for PBXNativeTarget "PhotoPicker" */;
			buildPhases = (
				C6F3CCFF1B2DBB5C37CC306D /* [CP] Check Pods Manifest.lock */,
				86154A97282001CE00CC2A76 /* Sources */,
				86154A98282001CE00CC2A76 /* Frameworks */,
				86154A99282001CE00CC2A76 /* Resources */,
				A039A2D1014526CC6C32D9B5 /* [CP] Embed Pods Frameworks */,
			);
			buildRules = (
			);
			dependencies = (
			);
			name = PhotoPicker;
			productName = PhotoPicker;
			productReference = 86154A9B282001CE00CC2A76 /* PhotoPicker.app */;
			productType = "com.apple.product-type.application";
		};
/* End PBXNativeTarget section */

/* Begin PBXProject section */
		86154A93282001CE00CC2A76 /* Project object */ = {
			isa = PBXProject;
			attributes = {
				BuildIndependentTargetsInParallel = 1;
				LastSwiftUpdateCheck = 1330;
				LastUpgradeCheck = 1330;
				TargetAttributes = {
					86154A9A282001CE00CC2A76 = {
						CreatedOnToolsVersion = 13.3;
					};
				};
			};
			buildConfigurationList = 86154A96282001CE00CC2A76 /* Build configuration list for PBXProject "PhotoPicker" */;
			compatibilityVersion = "Xcode 13.0";
			developmentRegion = en;
			hasScannedForEncodings = 0;
			knownRegions = (
				en,
				Base,
			);
			mainGroup = 86154A92282001CE00CC2A76;
			productRefGroup = 86154A9C282001CE00CC2A76 /* Products */;
			projectDirPath = "";
			projectRoot = "";
			targets = (
				86154A9A282001CE00CC2A76 /* PhotoPicker */,
			);
		};
/* End PBXProject section */

/* Begin PBXResourcesBuildPhase section */
		86154A99282001CE00CC2A76 /* Resources */ = {
			isa = PBXResourcesBuildPhase;
			buildActionMask = 2147483647;
			files = (
				86154AAE282001D100CC2A76 /* LaunchScreen.storyboard in Resources */,
				86154AAB282001D100CC2A76 /* Assets.xcassets in Resources */,
			);
			runOnlyForDeploymentPostprocessing = 0;
		};
/* End PBXResourcesBuildPhase section */

/* Begin PBXShellScriptBuildPhase section */
		A039A2D1014526CC6C32D9B5 /* [CP] Embed Pods Frameworks */ = {
			isa = PBXShellScriptBuildPhase;
			buildActionMask = 2147483647;
			files = (
			);
			inputFileListPaths = (
				"${PODS_ROOT}/Target Support Files/Pods-PhotoPicker/Pods-PhotoPicker-frameworks-${CONFIGURATION}-input-files.xcfilelist",
			);
			name = "[CP] Embed Pods Frameworks";
			outputFileListPaths = (
				"${PODS_ROOT}/Target Support Files/Pods-PhotoPicker/Pods-PhotoPicker-frameworks-${CONFIGURATION}-output-files.xcfilelist",
			);
			runOnlyForDeploymentPostprocessing = 0;
			shellPath = /bin/sh;
			shellScript = "\"${PODS_ROOT}/Target Support Files/Pods-PhotoPicker/Pods-PhotoPicker-frameworks.sh\"\n";
			showEnvVarsInLog = 0;
		};
		C6F3CCFF1B2DBB5C37CC306D /* [CP] Check Pods Manifest.lock */ = {
			isa = PBXShellScriptBuildPhase;
			buildActionMask = 2147483647;
			files = (
			);
			inputFileListPaths = (
			);
			inputPaths = (
				"${PODS_PODFILE_DIR_PATH}/Podfile.lock",
				"${PODS_ROOT}/Manifest.lock",
			);
			name = "[CP] Check Pods Manifest.lock";
			outputFileListPaths = (
			);
			outputPaths = (
				"$(DERIVED_FILE_DIR)/Pods-PhotoPicker-checkManifestLockResult.txt",
			);
			runOnlyForDeploymentPostprocessing = 0;
			shellPath = /bin/sh;
			shellScript = "diff \"${PODS_PODFILE_DIR_PATH}/Podfile.lock\" \"${PODS_ROOT}/Manifest.lock\" > /dev/null\nif [ $? != 0 ] ; then\n    # print error to STDERR\n    echo \"error: The sandbox is not in sync with the Podfile.lock. Run 'pod install' or update your CocoaPods installation.\" >&2\n    exit 1\nfi\n# This output is used by Xcode 'outputs' to avoid re-running this script phase.\necho \"SUCCESS\" > \"${SCRIPT_OUTPUT_FILE_0}\"\n";
			showEnvVarsInLog = 0;
		};
/* End PBXShellScriptBuildPhase section */

/* Begin PBXSourcesBuildPhase section */
		86154A97282001CE00CC2A76 /* Sources */ = {
			isa = PBXSourcesBuildPhase;
			buildActionMask = 2147483647;
			files = (
				86154AB8282002B200CC2A76 /* SecondViewController.swift in Sources */,
				8654E3402822C19700AC996E /* LikesViewController.swift in Sources */,
				86154AB62820022300CC2A76 /* MainTabBarViewController.swift in Sources */,
				86154AA9282001CE00CC2A76 /* PhotoPicker.xcdatamodeld in Sources */,
				86154AA3282001CE00CC2A76 /* FirstViewController.swift in Sources */,
				8654E3422822C35D00AC996E /* LikesTableViewCell.swift in Sources */,
				86154AC22820072600CC2A76 /* APICaller.swift in Sources */,
				86154AC8282009CF00CC2A76 /* Model.swift in Sources */,
				86154ABC2820049300CC2A76 /* PhotoCell.swift in Sources */,
				867E90092822EBB80017385A /* DataPersistenceManager.swift in Sources */,
				86154A9F282001CE00CC2A76 /* AppDelegate.swift in Sources */,
				86154AA1282001CE00CC2A76 /* SceneDelegate.swift in Sources */,
			);
			runOnlyForDeploymentPostprocessing = 0;
		};
/* End PBXSourcesBuildPhase section */

/* Begin PBXVariantGroup section */
		86154AAC282001D100CC2A76 /* LaunchScreen.storyboard */ = {
			isa = PBXVariantGroup;
			children = (
				86154AAD282001D100CC2A76 /* Base */,
			);
			name = LaunchScreen.storyboard;
			sourceTree = "<group>";
		};
/* End PBXVariantGroup section */

/* Begin XCBuildConfiguration section */
		86154AB0282001D100CC2A76 /* Debug */ = {
			isa = XCBuildConfiguration;
			buildSettings = {
				ALWAYS_SEARCH_USER_PATHS = NO;
				CLANG_ANALYZER_NONNULL = YES;
				CLANG_ANALYZER_NUMBER_OBJECT_CONVERSION = YES_AGGRESSIVE;
				CLANG_CXX_LANGUAGE_STANDARD = "gnu++17";
				CLANG_ENABLE_MODULES = YES;
				CLANG_ENABLE_OBJC_ARC = YES;
				CLANG_ENABLE_OBJC_WEAK = YES;
				CLANG_WARN_BLOCK_CAPTURE_AUTORELEASING = YES;
				CLANG_WARN_BOOL_CONVERSION = YES;
				CLANG_WARN_COMMA = YES;
				CLANG_WARN_CONSTANT_CONVERSION = YES;
				CLANG_WARN_DEPRECATED_OBJC_IMPLEMENTATIONS = YES;
				CLANG_WARN_DIRECT_OBJC_ISA_USAGE = YES_ERROR;
				CLANG_WARN_DOCUMENTATION_COMMENTS = YES;
				CLANG_WARN_EMPTY_BODY = YES;
				CLANG_WARN_ENUM_CONVERSION = YES;
				CLANG_WARN_INFINITE_RECURSION = YES;
				CLANG_WARN_INT_CONVERSION = YES;
				CLANG_WARN_NON_LITERAL_NULL_CONVERSION = YES;
				CLANG_WARN_OBJC_IMPLICIT_RETAIN_SELF = YES;
				CLANG_WARN_OBJC_LITERAL_CONVERSION = YES;
				CLANG_WARN_OBJC_ROOT_CLASS = YES_ERROR;
				CLANG_WARN_QUOTED_INCLUDE_IN_FRAMEWORK_HEADER = YES;
				CLANG_WARN_RANGE_LOOP_ANALYSIS = YES;
				CLANG_WARN_STRICT_PROTOTYPES = YES;
				CLANG_WARN_SUSPICIOUS_MOVE = YES;
				CLANG_WARN_UNGUARDED_AVAILABILITY = YES_AGGRESSIVE;
				CLANG_WARN_UNREACHABLE_CODE = YES;
				CLANG_WARN__DUPLICATE_METHOD_MATCH = YES;
				COPY_PHASE_STRIP = NO;
				DEBUG_INFORMATION_FORMAT = dwarf;
				ENABLE_STRICT_OBJC_MSGSEND = YES;
				ENABLE_TESTABILITY = YES;
				GCC_C_LANGUAGE_STANDARD = gnu11;
				GCC_DYNAMIC_NO_PIC = NO;
				GCC_NO_COMMON_BLOCKS = YES;
				GCC_OPTIMIZATION_LEVEL = 0;
				GCC_PREPROCESSOR_DEFINITIONS = (
					"DEBUG=1",
					"$(inherited)",
				);
				GCC_WARN_64_TO_32_BIT_CONVERSION = YES;
				GCC_WARN_ABOUT_RETURN_TYPE = YES_ERROR;
				GCC_WARN_UNDECLARED_SELECTOR = YES;
				GCC_WARN_UNINITIALIZED_AUTOS = YES_AGGRESSIVE;
				GCC_WARN_UNUSED_FUNCTION = YES;
				GCC_WARN_UNUSED_VARIABLE = YES;
				IPHONEOS_DEPLOYMENT_TARGET = 15.4;
				MTL_ENABLE_DEBUG_INFO = INCLUDE_SOURCE;
				MTL_FAST_MATH = YES;
				ONLY_ACTIVE_ARCH = YES;
				SDKROOT = iphoneos;
				SWIFT_ACTIVE_COMPILATION_CONDITIONS = DEBUG;
				SWIFT_OPTIMIZATION_LEVEL = "-Onone";
			};
			name = Debug;
		};
		86154AB1282001D100CC2A76 /* Release */ = {
			isa = XCBuildConfiguration;
			buildSettings = {
				ALWAYS_SEARCH_USER_PATHS = NO;
				CLANG_ANALYZER_NONNULL = YES;
				CLANG_ANALYZER_NUMBER_OBJECT_CONVERSION = YES_AGGRESSIVE;
				CLANG_CXX_LANGUAGE_STANDARD = "gnu++17";
				CLANG_ENABLE_MODULES = YES;
				CLANG_ENABLE_OBJC_ARC = YES;
				CLANG_ENABLE_OBJC_WEAK = YES;
				CLANG_WARN_BLOCK_CAPTURE_AUTORELEASING = YES;
				CLANG_WARN_BOOL_CONVERSION = YES;
				CLANG_WARN_COMMA = YES;
				CLANG_WARN_CONSTANT_CONVERSION = YES;
				CLANG_WARN_DEPRECATED_OBJC_IMPLEMENTATIONS = YES;
				CLANG_WARN_DIRECT_OBJC_ISA_USAGE = YES_ERROR;
				CLANG_WARN_DOCUMENTATION_COMMENTS = YES;
				CLANG_WARN_EMPTY_BODY = YES;
				CLANG_WARN_ENUM_CONVERSION = YES;
				CLANG_WARN_INFINITE_RECURSION = YES;
				CLANG_WARN_INT_CONVERSION = YES;
				CLANG_WARN_NON_LITERAL_NULL_CONVERSION = YES;
				CLANG_WARN_OBJC_IMPLICIT_RETAIN_SELF = YES;
				CLANG_WARN_OBJC_LITERAL_CONVERSION = YES;
				CLANG_WARN_OBJC_ROOT_CLASS = YES_ERROR;
				CLANG_WARN_QUOTED_INCLUDE_IN_FRAMEWORK_HEADER = YES;
				CLANG_WARN_RANGE_LOOP_ANALYSIS = YES;
				CLANG_WARN_STRICT_PROTOTYPES = YES;
				CLANG_WARN_SUSPICIOUS_MOVE = YES;
				CLANG_WARN_UNGUARDED_AVAILABILITY = YES_AGGRESSIVE;
				CLANG_WARN_UNREACHABLE_CODE = YES;
				CLANG_WARN__DUPLICATE_METHOD_MATCH = YES;
				COPY_PHASE_STRIP = NO;
				DEBUG_INFORMATION_FORMAT = "dwarf-with-dsym";
				ENABLE_NS_ASSERTIONS = NO;
				ENABLE_STRICT_OBJC_MSGSEND = YES;
				GCC_C_LANGUAGE_STANDARD = gnu11;
				GCC_NO_COMMON_BLOCKS = YES;
				GCC_WARN_64_TO_32_BIT_CONVERSION = YES;
				GCC_WARN_ABOUT_RETURN_TYPE = YES_ERROR;
				GCC_WARN_UNDECLARED_SELECTOR = YES;
				GCC_WARN_UNINITIALIZED_AUTOS = YES_AGGRESSIVE;
				GCC_WARN_UNUSED_FUNCTION = YES;
				GCC_WARN_UNUSED_VARIABLE = YES;
				IPHONEOS_DEPLOYMENT_TARGET = 15.4;
				MTL_ENABLE_DEBUG_INFO = NO;
				MTL_FAST_MATH = YES;
				SDKROOT = iphoneos;
				SWIFT_COMPILATION_MODE = wholemodule;
				SWIFT_OPTIMIZATION_LEVEL = "-O";
				VALIDATE_PRODUCT = YES;
			};
			name = Release;
		};
		86154AB3282001D100CC2A76 /* Debug */ = {
			isa = XCBuildConfiguration;
			baseConfigurationReference = 48A61E9A83AB0F071BEAC971 /* Pods-PhotoPicker.debug.xcconfig */;
			buildSettings = {
				ASSETCATALOG_COMPILER_APPICON_NAME = AppIcon;
				ASSETCATALOG_COMPILER_GLOBAL_ACCENT_COLOR_NAME = AccentColor;
				CODE_SIGN_STYLE = Automatic;
				CURRENT_PROJECT_VERSION = 1;
				DEVELOPMENT_TEAM = HSY5R94H24;
				GENERATE_INFOPLIST_FILE = YES;
				INFOPLIST_FILE = PhotoPicker/Info.plist;
				INFOPLIST_KEY_UIApplicationSupportsIndirectInputEvents = YES;
				INFOPLIST_KEY_UILaunchStoryboardName = LaunchScreen;
				INFOPLIST_KEY_UISupportedInterfaceOrientations_iPad = "UIInterfaceOrientationPortrait UIInterfaceOrientationPortraitUpsideDown UIInterfaceOrientationLandscapeLeft UIInterfaceOrientationLandscapeRight";
				INFOPLIST_KEY_UISupportedInterfaceOrientations_iPhone = "UIInterfaceOrientationPortrait UIInterfaceOrientationLandscapeLeft UIInterfaceOrientationLandscapeRight";
				LD_RUNPATH_SEARCH_PATHS = (
					"$(inherited)",
					"@executable_path/Frameworks",
				);
				MARKETING_VERSION = 1.0;
				PRODUCT_BUNDLE_IDENTIFIER = "Nodirbek-s.PhotoPicker";
				PRODUCT_NAME = "$(TARGET_NAME)";
				SWIFT_EMIT_LOC_STRINGS = YES;
				SWIFT_VERSION = 5.0;
				TARGETED_DEVICE_FAMILY = "1,2";
			};
			name = Debug;
		};
		86154AB4282001D100CC2A76 /* Release */ = {
			isa = XCBuildConfiguration;
			baseConfigurationReference = 032AE904B2D9DA8C18FBA16E /* Pods-PhotoPicker.release.xcconfig */;
			buildSettings = {
				ASSETCATALOG_COMPILER_APPICON_NAME = AppIcon;
				ASSETCATALOG_COMPILER_GLOBAL_ACCENT_COLOR_NAME = AccentColor;
				CODE_SIGN_STYLE = Automatic;
				CURRENT_PROJECT_VERSION = 1;
				DEVELOPMENT_TEAM = HSY5R94H24;
				GENERATE_INFOPLIST_FILE = YES;
				INFOPLIST_FILE = PhotoPicker/Info.plist;
				INFOPLIST_KEY_UIApplicationSupportsIndirectInputEvents = YES;
				INFOPLIST_KEY_UILaunchStoryboardName = LaunchScreen;
				INFOPLIST_KEY_UISupportedInterfaceOrientations_iPad = "UIInterfaceOrientationPortrait UIInterfaceOrientationPortraitUpsideDown UIInterfaceOrientationLandscapeLeft UIInterfaceOrientationLandscapeRight";
				INFOPLIST_KEY_UISupportedInterfaceOrientations_iPhone = "UIInterfaceOrientationPortrait UIInterfaceOrientationLandscapeLeft UIInterfaceOrientationLandscapeRight";
				LD_RUNPATH_SEARCH_PATHS = (
					"$(inherited)",
					"@executable_path/Frameworks",
				);
				MARKETING_VERSION = 1.0;
				PRODUCT_BUNDLE_IDENTIFIER = "Nodirbek-s.PhotoPicker";
				PRODUCT_NAME = "$(TARGET_NAME)";
				SWIFT_EMIT_LOC_STRINGS = YES;
				SWIFT_VERSION = 5.0;
				TARGETED_DEVICE_FAMILY = "1,2";
			};
			name = Release;
		};
/* End XCBuildConfiguration section */

/* Begin XCConfigurationList section */
		86154A96282001CE00CC2A76 /* Build configuration list for PBXProject "PhotoPicker" */ = {
			isa = XCConfigurationList;
			buildConfigurations = (
				86154AB0282001D100CC2A76 /* Debug */,
				86154AB1282001D100CC2A76 /* Release */,
			);
			defaultConfigurationIsVisible = 0;
			defaultConfigurationName = Release;
		};
		86154AB2282001D100CC2A76 /* Build configuration list for PBXNativeTarget "PhotoPicker" */ = {
			isa = XCConfigurationList;
			buildConfigurations = (
				86154AB3282001D100CC2A76 /* Debug */,
				86154AB4282001D100CC2A76 /* Release */,
			);
			defaultConfigurationIsVisible = 0;
			defaultConfigurationName = Release;
		};
/* End XCConfigurationList section */

/* Begin XCVersionGroup section */
		86154AA7282001CE00CC2A76 /* PhotoPicker.xcdatamodeld */ = {
			isa = XCVersionGroup;
			children = (
				86154AA8282001CE00CC2A76 /* PhotoPicker.xcdatamodel */,
			);
			currentVersion = 86154AA8282001CE00CC2A76 /* PhotoPicker.xcdatamodel */;
			path = PhotoPicker.xcdatamodeld;
			sourceTree = "<group>";
			versionGroupType = wrapper.xcdatamodel;
		};
/* End XCVersionGroup section */
	};
	rootObject = 86154A93282001CE00CC2A76 /* Project object */;
}
